
Microsoft Visual Studio Solution File, Format Version 12.00
# Visual Studio 15
VisualStudioVersion = 15.0.27703.2047
MinimumVisualStudioVersion = 10.0.40219.1
Project("{FAE04EC0-301F-11D3-BF4B-00C04F79EFBC}") = "1.静态拦截", "在方法调用前进行过滤及控制\1.静态拦截.csproj", "{58BC7FFC-391F-4177-94D9-19D8F3604DC3}"
EndProject
Project("{FAE04EC0-301F-11D3-BF4B-00C04F79EFBC}") = "2.动态代理", "2.动态代理\2.动态代理.csproj", "{95CB5E1E-E1F0-4466-9858-1BCB9EFB5748}"
EndProject
Global
	GlobalSection(SolutionConfigurationPlatforms) = preSolution
		Debug|Any CPU = Debug|Any CPU
		Release|Any CPU = Release|Any CPU
	EndGlobalSection
	GlobalSection(ProjectConfigurationPlatforms) = postSolution
		{58BC7FFC-391F-4177-94D9-19D8F3604DC3}.Debug|Any CPU.ActiveCfg = Debug|Any CPU
		{58BC7FFC-391F-4177-94D9-19D8F3604DC3}.Debug|Any CPU.Build.0 = Debug|Any CPU
		{58BC7FFC-391F-4177-94D9-19D8F3604DC3}.Release|Any CPU.ActiveCfg = Release|Any CPU
		{58BC7FFC-391F-4177-94D9-19D8F3604DC3}.Release|Any CPU.Build.0 = Release|Any CPU
		{95CB5E1E-E1F0-4466-9858-1BCB9EFB5748}.Debug|Any CPU.ActiveCfg = Debug|Any CPU
		{95CB5E1E-E1F0-4466-9858-1BCB9EFB5748}.Debug|Any CPU.Build.0 = Debug|Any CPU
		{95CB5E1E-E1F0-4466-9858-1BCB9EFB5748}.Release|Any CPU.ActiveCfg = Release|Any CPU
		{95CB5E1E-E1F0-4466-9858-1BCB9EFB5748}.Release|Any CPU.Build.0 = Release|Any CPU
	EndGlobalSection
	GlobalSection(SolutionProperties) = preSolution
		HideSolutionNode = FALSE
	EndGlobalSection
	GlobalSection(ExtensibilityGlobals) = postSolution
		SolutionGuid = {0F1EE6EE-8B9B-4EB5-BA0E-F395B176612B}
	EndGlobalSection
EndGlobal
