
Microsoft Visual Studio Solution File, Format Version 12.00
# Visual Studio 15
VisualStudioVersion = 15.0.27130.2020
MinimumVisualStudioVersion = 10.0.40219.1
Project("{FAE04EC0-301F-11D3-BF4B-00C04F79EFBC}") = "Live-Informal", "Live-Informal\Live-Informal.csproj", "{7EE23477-51D2-4537-BC05-E60351AAD098}"
EndProject
Project("{FAE04EC0-301F-11D3-BF4B-00C04F79EFBC}") = "Date", "Date\Date.csproj", "{6E491A1D-5314-4757-A1FE-ED0C27E6FC22}"
EndProject
Global
	GlobalSection(SolutionConfigurationPlatforms) = preSolution
		Debug|Any CPU = Debug|Any CPU
		Release|Any CPU = Release|Any CPU
	EndGlobalSection
	GlobalSection(ProjectConfigurationPlatforms) = postSolution
		{7EE23477-51D2-4537-BC05-E60351AAD098}.Debug|Any CPU.ActiveCfg = Debug|Any CPU
		{7EE23477-51D2-4537-BC05-E60351AAD098}.Debug|Any CPU.Build.0 = Debug|Any CPU
		{7EE23477-51D2-4537-BC05-E60351AAD098}.Release|Any CPU.ActiveCfg = Release|Any CPU
		{7EE23477-51D2-4537-BC05-E60351AAD098}.Release|Any CPU.Build.0 = Release|Any CPU
		{6E491A1D-5314-4757-A1FE-ED0C27E6FC22}.Debug|Any CPU.ActiveCfg = Debug|Any CPU
		{6E491A1D-5314-4757-A1FE-ED0C27E6FC22}.Debug|Any CPU.Build.0 = Debug|Any CPU
		{6E491A1D-5314-4757-A1FE-ED0C27E6FC22}.Release|Any CPU.ActiveCfg = Release|Any CPU
		{6E491A1D-5314-4757-A1FE-ED0C27E6FC22}.Release|Any CPU.Build.0 = Release|Any CPU
	EndGlobalSection
	GlobalSection(SolutionProperties) = preSolution
		HideSolutionNode = FALSE
	EndGlobalSection
	GlobalSection(ExtensibilityGlobals) = postSolution
		SolutionGuid = {F7A8A0BC-438A-4CA0-B565-6A3AC4AA7A8B}
	EndGlobalSection
EndGlobal
