
Microsoft Visual Studio Solution File, Format Version 12.00
# Visual Studio Version 16
VisualStudioVersion = 16.0.29503.13
MinimumVisualStudioVersion = 10.0.40219.1
Project("{FAE04EC0-301F-11D3-BF4B-00C04F79EFBC}") = "P0002-值类型与引用类型", "P0002-值类型与引用类型\P0002-值类型与引用类型.csproj", "{BA7CA9C9-CC17-4255-9B0B-05DF10190409}"
EndProject
Global
	GlobalSection(SolutionConfigurationPlatforms) = preSolution
		Debug|Any CPU = Debug|Any CPU
		Release|Any CPU = Release|Any CPU
	EndGlobalSection
	GlobalSection(ProjectConfigurationPlatforms) = postSolution
		{BA7CA9C9-CC17-4255-9B0B-05DF10190409}.Debug|Any CPU.ActiveCfg = Debug|Any CPU
		{BA7CA9C9-CC17-4255-9B0B-05DF10190409}.Debug|Any CPU.Build.0 = Debug|Any CPU
		{BA7CA9C9-CC17-4255-9B0B-05DF10190409}.Release|Any CPU.ActiveCfg = Release|Any CPU
		{BA7CA9C9-CC17-4255-9B0B-05DF10190409}.Release|Any CPU.Build.0 = Release|Any CPU
	EndGlobalSection
	GlobalSection(SolutionProperties) = preSolution
		HideSolutionNode = FALSE
	EndGlobalSection
	GlobalSection(ExtensibilityGlobals) = postSolution
		SolutionGuid = {E009A452-E3C4-4696-BD9C-5134C329E659}
	EndGlobalSection
EndGlobal
