
Microsoft Visual Studio Solution File, Format Version 12.00
# Visual Studio 15
VisualStudioVersion = 15.0.27703.2047
MinimumVisualStudioVersion = 10.0.40219.1
Project("{FAE04EC0-301F-11D3-BF4B-00C04F79EFBC}") = "系统检测工具", "系统检测工具\系统检测工具.csproj", "{C694E2BF-52B7-4D24-BE85-6EF3E5B39912}"
EndProject
Project("{FAE04EC0-301F-11D3-BF4B-00C04F79EFBC}") = "检测系统默认编码", "检测系统默认编码\检测系统默认编码.csproj", "{0FAC3C04-FED4-44E9-94AA-3950587014E5}"
EndProject
Global
	GlobalSection(SolutionConfigurationPlatforms) = preSolution
		Debug|Any CPU = Debug|Any CPU
		Release|Any CPU = Release|Any CPU
	EndGlobalSection
	GlobalSection(ProjectConfigurationPlatforms) = postSolution
		{C694E2BF-52B7-4D24-BE85-6EF3E5B39912}.Debug|Any CPU.ActiveCfg = Debug|Any CPU
		{C694E2BF-52B7-4D24-BE85-6EF3E5B39912}.Debug|Any CPU.Build.0 = Debug|Any CPU
		{C694E2BF-52B7-4D24-BE85-6EF3E5B39912}.Release|Any CPU.ActiveCfg = Release|Any CPU
		{C694E2BF-52B7-4D24-BE85-6EF3E5B39912}.Release|Any CPU.Build.0 = Release|Any CPU
		{0FAC3C04-FED4-44E9-94AA-3950587014E5}.Debug|Any CPU.ActiveCfg = Debug|Any CPU
		{0FAC3C04-FED4-44E9-94AA-3950587014E5}.Debug|Any CPU.Build.0 = Debug|Any CPU
		{0FAC3C04-FED4-44E9-94AA-3950587014E5}.Release|Any CPU.ActiveCfg = Release|Any CPU
		{0FAC3C04-FED4-44E9-94AA-3950587014E5}.Release|Any CPU.Build.0 = Release|Any CPU
	EndGlobalSection
	GlobalSection(SolutionProperties) = preSolution
		HideSolutionNode = FALSE
	EndGlobalSection
	GlobalSection(ExtensibilityGlobals) = postSolution
		SolutionGuid = {370E488D-CE99-40B2-BD66-D05CD06469BF}
	EndGlobalSection
EndGlobal
