
Microsoft Visual Studio Solution File, Format Version 12.00
# Visual Studio Version 16
VisualStudioVersion = 16.0.29503.13
MinimumVisualStudioVersion = 10.0.40219.1
Project("{FAE04EC0-301F-11D3-BF4B-00C04F79EFBC}") = "P0001-文件对比并自动提取", "P0001-文件对比并自动提取\P0001-文件对比并自动提取.csproj", "{8FB02DE1-0072-4A16-A8C2-C9FB5E6B3463}"
EndProject
Global
	GlobalSection(SolutionConfigurationPlatforms) = preSolution
		Debug|Any CPU = Debug|Any CPU
		Release|Any CPU = Release|Any CPU
	EndGlobalSection
	GlobalSection(ProjectConfigurationPlatforms) = postSolution
		{8FB02DE1-0072-4A16-A8C2-C9FB5E6B3463}.Debug|Any CPU.ActiveCfg = Debug|Any CPU
		{8FB02DE1-0072-4A16-A8C2-C9FB5E6B3463}.Debug|Any CPU.Build.0 = Debug|Any CPU
		{8FB02DE1-0072-4A16-A8C2-C9FB5E6B3463}.Release|Any CPU.ActiveCfg = Release|Any CPU
		{8FB02DE1-0072-4A16-A8C2-C9FB5E6B3463}.Release|Any CPU.Build.0 = Release|Any CPU
	EndGlobalSection
	GlobalSection(SolutionProperties) = preSolution
		HideSolutionNode = FALSE
	EndGlobalSection
	GlobalSection(ExtensibilityGlobals) = postSolution
		SolutionGuid = {82112AE1-06C9-400D-BB52-74C0013C6D19}
	EndGlobalSection
EndGlobal
