
Microsoft Visual Studio Solution File, Format Version 12.00
# Visual Studio 15
VisualStudioVersion = 15.0.27703.2047
MinimumVisualStudioVersion = 10.0.40219.1
Project("{FAE04EC0-301F-11D3-BF4B-00C04F79EFBC}") = "文本相似判断工具", "文本相似判断工具\文本相似判断工具.csproj", "{4C36C903-19AB-4139-A187-AD06DD115957}"
EndProject
Global
	GlobalSection(SolutionConfigurationPlatforms) = preSolution
		Debug|Any CPU = Debug|Any CPU
		Release|Any CPU = Release|Any CPU
	EndGlobalSection
	GlobalSection(ProjectConfigurationPlatforms) = postSolution
		{4C36C903-19AB-4139-A187-AD06DD115957}.Debug|Any CPU.ActiveCfg = Debug|Any CPU
		{4C36C903-19AB-4139-A187-AD06DD115957}.Debug|Any CPU.Build.0 = Debug|Any CPU
		{4C36C903-19AB-4139-A187-AD06DD115957}.Release|Any CPU.ActiveCfg = Release|Any CPU
		{4C36C903-19AB-4139-A187-AD06DD115957}.Release|Any CPU.Build.0 = Release|Any CPU
	EndGlobalSection
	GlobalSection(SolutionProperties) = preSolution
		HideSolutionNode = FALSE
	EndGlobalSection
	GlobalSection(ExtensibilityGlobals) = postSolution
		SolutionGuid = {3C83D8E5-4115-42D1-87CA-8A5184396E8C}
	EndGlobalSection
EndGlobal
